{
  "version": "4",
  "specifiers": {
    "jsr:@deno/gfm@0.10.0": "0.10.0",
    "jsr:@denosaurs/emoji@0.3": "0.3.1",
    "npm:@types/node@*": "22.5.4",
    "npm:github-slugger@2": "2.0.0",
    "npm:he@^1.2.0": "1.2.0",
    "npm:katex@0.16": "0.16.21",
    "npm:marked-alert@2": "2.1.2_marked@12.0.2",
    "npm:marked-footnote@^1.2.0": "1.2.4_marked@12.0.2",
    "npm:marked-gfm-heading-id@^3.1.0": "3.2.0_marked@12.0.2",
    "npm:marked@12": "12.0.2",
    "npm:prismjs@^1.29.0": "1.29.0",
    "npm:sanitize-html@^2.13.0": "2.14.0"
  },
  "jsr": {
    "@deno/gfm@0.10.0": {
      "integrity": "51708205e3559a4aeb6afb29d07c5bfafe7941f91bb360351ef6621de9a39527",
      "dependencies": [
        "jsr:@denosaurs/emoji",
        "npm:github-slugger",
        "npm:he",
        "npm:katex",
        "npm:marked",
        "npm:marked-alert",
        "npm:marked-footnote",
        "npm:marked-gfm-heading-id",
        "npm:prismjs",
        "npm:sanitize-html"
      ]
    },
    "@denosaurs/emoji@0.3.1": {
      "integrity": "b0aed5f55dec99e83da7c9637fe0a36d1d6252b7c99deaaa3fc5dea3fcf3da8b"
    }
  },
  "npm": {
    "@types/node@22.5.4": {
      "integrity": "sha512-FDuKUJQm/ju9fT/SeX/6+gBzoPzlVCzfzmGkwKvRHQVxi4BntVbyIwf6a4Xn62mrvndLiml6z/UBXIdEVjQLXg==",
      "dependencies": [
        "undici-types"
      ]
    },
    "commander@8.3.0": {
      "integrity": "sha512-OkTL9umf+He2DZkUq8f8J9of7yL6RJKI24dVITBmNfZBmri9zYZQrKkuXiKhyfPSu8tUhnVBB1iKXevvnlR4Ww=="
    },
    "deepmerge@4.3.1": {
      "integrity": "sha512-3sUqbMEc77XqpdNO7FRyRog+eW3ph+GYCbj+rK+uYyRMuwsVy0rMiVtPn+QJlKFvWP/1PYpapqYn0Me2knFn+A=="
    },
    "dom-serializer@2.0.0": {
      "integrity": "sha512-wIkAryiqt/nV5EQKqQpo3SToSOV9J0DnbJqwK7Wv/Trc92zIAYZ4FlMu+JPFW1DfGFt81ZTCGgDEabffXeLyJg==",
      "dependencies": [
        "domelementtype",
        "domhandler",
        "entities"
      ]
    },
    "domelementtype@2.3.0": {
      "integrity": "sha512-OLETBj6w0OsagBwdXnPdN0cnMfF9opN69co+7ZrbfPGrdpPVNBUj02spi6B1N7wChLQiPn4CSH/zJvXw56gmHw=="
    },
    "domhandler@5.0.3": {
      "integrity": "sha512-cgwlv/1iFQiFnU96XXgROh8xTeetsnJiDsTc7TYCLFd9+/WNkIqPTxiM/8pSd8VIrhXGTf1Ny1q1hquVqDJB5w==",
      "dependencies": [
        "domelementtype"
      ]
    },
    "domutils@3.2.2": {
      "integrity": "sha512-6kZKyUajlDuqlHKVX1w7gyslj9MPIXzIFiz/rGu35uC1wMi+kMhQwGhl4lt9unC9Vb9INnY9Z3/ZA3+FhASLaw==",
      "dependencies": [
        "dom-serializer",
        "domelementtype",
        "domhandler"
      ]
    },
    "entities@4.5.0": {
      "integrity": "sha512-V0hjH4dGPh9Ao5p0MoRY6BVqtwCjhz6vI5LT8AJ55H+4g9/4vbHx1I54fS0XuclLhDHArPQCiMjDxjaL8fPxhw=="
    },
    "escape-string-regexp@4.0.0": {
      "integrity": "sha512-TtpcNJ3XAzx3Gq8sWRzJaVajRs0uVxA2YAkdb1jm2YkPz4G6egUFAyA3n5vtEIZefPk5Wa4UXbKuS5fKkJWdgA=="
    },
    "github-slugger@2.0.0": {
      "integrity": "sha512-IaOQ9puYtjrkq7Y0Ygl9KDZnrf/aiUJYUpVf89y8kyaxbRG7Y1SrX/jaumrv81vc61+kiMempujsM3Yw7w5qcw=="
    },
    "he@1.2.0": {
      "integrity": "sha512-F/1DnUGPopORZi0ni+CvrCgHQ5FyEAHRLSApuYWMmrbSwoN2Mn/7k+Gl38gJnR7yyDZk6WLXwiGod1JOWNDKGw=="
    },
    "htmlparser2@8.0.2": {
      "integrity": "sha512-GYdjWKDkbRLkZ5geuHs5NY1puJ+PXwP7+fHPRz06Eirsb9ugf6d8kkXav6ADhcODhFFPMIXyxkxSuMf3D6NCFA==",
      "dependencies": [
        "domelementtype",
        "domhandler",
        "domutils",
        "entities"
      ]
    },
    "is-plain-object@5.0.0": {
      "integrity": "sha512-VRSzKkbMm5jMDoKLbltAkFQ5Qr7VDiTFGXxYFXXowVj387GeGNOCsOH6Msy00SGZ3Fp84b1Naa1psqgcCIEP5Q=="
    },
    "katex@0.16.21": {
      "integrity": "sha512-XvqR7FgOHtWupfMiigNzmh+MgUVmDGU2kXZm899ZkPfcuoPuFxyHmXsgATDpFZDAXCI8tvinaVcDo8PIIJSo4A==",
      "dependencies": [
        "commander"
      ]
    },
    "marked-alert@2.1.2_marked@12.0.2": {
      "integrity": "sha512-EFNRZ08d8L/iEIPLTlQMDjvwIsj03gxWCczYTht6DCiHJIZhMk4NK5gtPY9UqAYb09eV5VGT+jD4lp396E0I+w==",
      "dependencies": [
        "marked"
      ]
    },
    "marked-footnote@1.2.4_marked@12.0.2": {
      "integrity": "sha512-DB2Kl+wFh6YwZd70qABMY6WUkG1UuyqoNTFoDfGyG79Pz24neYtLBkB+45a7o72V7gkfvbC3CGzIYFobxfMT1Q==",
      "dependencies": [
        "marked"
      ]
    },
    "marked-gfm-heading-id@3.2.0_marked@12.0.2": {
      "integrity": "sha512-Xfxpr5lXLDLY10XqzSCA9l2dDaiabQUgtYM9hw8yunyVsB/xYBRpiic6BOiY/EAJw1ik1eWr1ET1HKOAPZBhXg==",
      "dependencies": [
        "github-slugger",
        "marked"
      ]
    },
    "marked@12.0.2": {
      "integrity": "sha512-qXUm7e/YKFoqFPYPa3Ukg9xlI5cyAtGmyEIzMfW//m6kXwCy2Ps9DYf5ioijFKQ8qyuscrHoY04iJGctu2Kg0Q=="
    },
    "nanoid@3.3.8": {
      "integrity": "sha512-WNLf5Sd8oZxOm+TzppcYk8gVOgP+l58xNy58D0nbUnOxOWRWvlcCV4kUF7ltmI6PsrLl/BgKEyS4mqsGChFN0w=="
    },
    "parse-srcset@1.0.2": {
      "integrity": "sha512-/2qh0lav6CmI15FzA3i/2Bzk2zCgQhGMkvhOhKNcBVQ1ldgpbfiNTVslmooUmWJcADi1f1kIeynbDRVzNlfR6Q=="
    },
    "picocolors@1.1.1": {
      "integrity": "sha512-xceH2snhtb5M9liqDsmEw56le376mTZkEX/jEb/RxNFyegNul7eNslCXP9FDj/Lcu0X8KEyMceP2ntpaHrDEVA=="
    },
    "postcss@8.5.1": {
      "integrity": "sha512-6oz2beyjc5VMn/KV1pPw8fliQkhBXrVn1Z3TVyqZxU8kZpzEKhBdmCFqI6ZbmGtamQvQGuU1sgPTk8ZrXDD7jQ==",
      "dependencies": [
        "nanoid",
        "picocolors",
        "source-map-js"
      ]
    },
    "prismjs@1.29.0": {
      "integrity": "sha512-Kx/1w86q/epKcmte75LNrEoT+lX8pBpavuAbvJWRXar7Hz8jrtF+e3vY751p0R8H9HdArwaCTNDDzHg/ScJK1Q=="
    },
    "sanitize-html@2.14.0": {
      "integrity": "sha512-CafX+IUPxZshXqqRaG9ZClSlfPVjSxI0td7n07hk8QO2oO+9JDnlcL8iM8TWeOXOIBFgIOx6zioTzM53AOMn3g==",
      "dependencies": [
        "deepmerge",
        "escape-string-regexp",
        "htmlparser2",
        "is-plain-object",
        "parse-srcset",
        "postcss"
      ]
    },
    "source-map-js@1.2.1": {
      "integrity": "sha512-UXWMKhLOwVKb728IUtQPXxfYU+usdybtUrK/8uGE8CQMvrhOpwvzDBwj0QhSL7MQc7vIsISBG8VQ8+IDQxpfQA=="
    },
    "undici-types@6.19.8": {
      "integrity": "sha512-ve2KP6f/JnbPBFyobGHuerC9g1FYGn/F8n1LWTwNxCEzd6IfqTwUQcNXgEtmmQ6DlRrC1hrSrBnCZPokRrDHjw=="
    }
  },
  "redirects": {
    "https://esm.sh/@jsr/denosaurs__emoji@^0.3?target=denonext": "https://esm.sh/jsr/@denosaurs/emoji@0.3.1?target=denonext",
    "https://esm.sh/@types/he@~1.2.3/index.d.ts": "https://esm.sh/@types/he@1.2.3/index.d.ts",
    "https://esm.sh/@types/parse-srcset@~1.0.0/index.d.ts": "https://esm.sh/@types/parse-srcset@1.0.0/index.d.ts",
    "https://esm.sh/@types/prismjs@~1.26.5/index.d.ts": "https://esm.sh/@types/prismjs@1.26.5/index.d.ts",
    "https://esm.sh/@types/sanitize-html@~2.13.0/index.d.ts": "https://esm.sh/@types/sanitize-html@2.13.0/index.d.ts",
    "https://esm.sh/deepmerge@^4.2.2?target=denonext": "https://esm.sh/deepmerge@4.3.1?target=denonext",
    "https://esm.sh/dom-serializer@^2.0.0?target=denonext": "https://esm.sh/dom-serializer@2.0.0?target=denonext",
    "https://esm.sh/domelementtype@^2.3.0?target=denonext": "https://esm.sh/domelementtype@2.3.0?target=denonext",
    "https://esm.sh/domhandler@^5.0.3?target=denonext": "https://esm.sh/domhandler@5.0.3?target=denonext",
    "https://esm.sh/domutils@^3.0.1?target=denonext": "https://esm.sh/domutils@3.2.2?target=denonext",
    "https://esm.sh/entities@^4.2.0?target=denonext": "https://esm.sh/entities@4.5.0?target=denonext",
    "https://esm.sh/entities@^4.4.0/lib/decode?target=denonext": "https://esm.sh/entities@4.5.0/lib/decode?target=denonext",
    "https://esm.sh/escape-string-regexp@^4.0.0?target=denonext": "https://esm.sh/escape-string-regexp@4.0.0?target=denonext",
    "https://esm.sh/github-slugger@^2.0.0?target=denonext": "https://esm.sh/github-slugger@2.0.0?target=denonext",
    "https://esm.sh/github-slugger@^2.0?target=denonext": "https://esm.sh/github-slugger@2.0.0?target=denonext",
    "https://esm.sh/he@^1.2?target=denonext": "https://esm.sh/he@1.2.0?target=denonext",
    "https://esm.sh/htmlparser2@^8.0.0?target=denonext": "https://esm.sh/htmlparser2@8.0.2?target=denonext",
    "https://esm.sh/katex@^0.16?target=denonext": "https://esm.sh/katex@0.16.21?target=denonext",
    "https://esm.sh/marked-alert@^2.0?target=denonext": "https://esm.sh/marked-alert@2.1.2?target=denonext",
    "https://esm.sh/marked-footnote@^1.2?target=denonext": "https://esm.sh/marked-footnote@1.2.4?target=denonext",
    "https://esm.sh/marked-gfm-heading-id@^3.1?target=denonext": "https://esm.sh/marked-gfm-heading-id@3.2.0?target=denonext",
    "https://esm.sh/marked@^12?target=denonext": "https://esm.sh/marked@12.0.2?target=denonext",
    "https://esm.sh/nanoid@^3.3.8/non-secure?target=denonext": "https://esm.sh/nanoid@3.3.8/non-secure?target=denonext",
    "https://esm.sh/parse-srcset@^1.0.2?target=denonext": "https://esm.sh/parse-srcset@1.0.2?target=denonext",
    "https://esm.sh/picocolors@^1.1.1?target=denonext": "https://esm.sh/picocolors@1.1.1?target=denonext",
    "https://esm.sh/postcss@^8.3.11?target=denonext": "https://esm.sh/postcss@8.5.1?target=denonext",
    "https://esm.sh/prismjs@^1.29/components/prism-yaml?target=denonext": "https://esm.sh/prismjs@1.29.0/components/prism-yaml?target=denonext",
    "https://esm.sh/prismjs@^1.29?target=denonext": "https://esm.sh/prismjs@1.29.0?target=denonext",
    "https://esm.sh/sanitize-html@^2.13?target=denonext": "https://esm.sh/sanitize-html@2.14.0?target=denonext",
    "https://esm.sh/source-map-js@^1.2.1?target=denonext": "https://esm.sh/source-map-js@1.2.1?target=denonext"
  },
  "remote": {
    "https://deno.land/std@0.149.0/_util/assert.ts": "e94f2eb37cebd7f199952e242c77654e43333c1ac4c5c700e929ea3aa5489f74",
    "https://deno.land/std@0.149.0/_util/os.ts": "3b4c6e27febd119d36a416d7a97bd3b0251b77c88942c8f16ee5953ea13e2e49",
    "https://deno.land/std@0.149.0/path/_constants.ts": "df1db3ffa6dd6d1252cc9617e5d72165cd2483df90e93833e13580687b6083c3",
    "https://deno.land/std@0.149.0/path/_interface.ts": "ee3b431a336b80cf445441109d089b70d87d5e248f4f90ff906820889ecf8d09",
    "https://deno.land/std@0.149.0/path/_util.ts": "c1e9686d0164e29f7d880b2158971d805b6e0efc3110d0b3e24e4b8af2190d2b",
    "https://deno.land/std@0.149.0/path/common.ts": "bee563630abd2d97f99d83c96c2fa0cca7cee103e8cb4e7699ec4d5db7bd2633",
    "https://deno.land/std@0.149.0/path/glob.ts": "cb5255638de1048973c3e69e420c77dc04f75755524cb3b2e160fe9277d939ee",
    "https://deno.land/std@0.149.0/path/mod.ts": "4945b430b759b0b3d98f2a278542cbcf95e0ad2bd8eaaed3c67322b306b2b346",
    "https://deno.land/std@0.149.0/path/posix.ts": "c1f7afe274290ea0b51da07ee205653b2964bd74909a82deb07b69a6cc383aaa",
    "https://deno.land/std@0.149.0/path/separator.ts": "fe1816cb765a8068afb3e8f13ad272351c85cbc739af56dacfc7d93d710fe0f9",
    "https://deno.land/std@0.149.0/path/win32.ts": "bd7549042e37879c68ff2f8576a25950abbfca1d696d41d82c7bca0b7e6f452c",
    "https://deno.land/x/base64@v0.2.1/base.ts": "47dc8d68f07dc91524bdd6db36eccbe59cf4d935b5fc09f27357a3944bb3ff7b",
    "https://deno.land/x/base64@v0.2.1/mod.ts": "1cbdc4ba7229d3c6d1763fecdb9d46844777c7e153abb6dabea8b0dd01448db4",
    "https://deno.land/x/qrcode@v2.0.0/mod.ts": "3e693e8190d5fb4c6ab68a14a1a9473c325d5244fd83240b49cdecdf5fc18a1b",
    "https://deno.land/x/qrcode@v2.0.0/qrcode.js": "138f870978e21843f48d8b0855b69de6ebf430c3ab9f57c3fa2746d6fba45bf1",
    "https://esm.sh/@jsr/deno__gfm@0.10.0": "ab3095804e5b9a9b5040e2ccdb8cd47bf64eb4553e75c6e03371536139b79b4e",
    "https://esm.sh/@jsr/deno__gfm@0.10.0/denonext/deno__gfm.mjs": "be5a09a3b3628040ca7902c843cd05d86936d768bde89403dc1a665f80dac48f",
    "https://esm.sh/@jsr/deno__gfm@0.10.0/denonext/mod.ts.mjs": "d0f9418929777cb387e21ca82b4749352c3568801213bbfa9f3b4813e9e8498b",
    "https://esm.sh/@jsr/deno__gfm@0.10.0/mod.ts": "ff7ecaed9fd79c0ec7d08c9eef038870fad588e128a802e5012d8cb274262216",
    "https://esm.sh/@jsr/denosaurs__emoji@0.3.1/denonext/denosaurs__emoji.mjs": "0791d4d3426bac2a29fd5435a370de0ab47430c853fe316e3721e69e0de059aa",
    "https://esm.sh/dayjs@1.10.4": "272402c6519b1449e8c8ae587de0acf0328d955ec28c88b33aa5eb1fcfaba462",
    "https://esm.sh/dayjs@1.10.4/denonext/dayjs.mjs": "0ee18eeaa4fe6a0a2b687869eae5b1029a245704bc59b44e9f73ce8318009b14",
    "https://esm.sh/deepmerge@4.3.1/denonext/deepmerge.mjs": "1f448aaa83a52514faecb2edc02eb766c9eb10b935b9ac4c1c2a877a0bb56b80",
    "https://esm.sh/deepmerge@4.3.1?target=denonext": "a8faef33b536441a2c63f8c967d160848eb1f898a8e83a35a9f0623ecd9063d3",
    "https://esm.sh/dom-serializer@2.0.0/denonext/dom-serializer.mjs": "545028b1d2c25bae5cbfe6930a28a2e4f7f05e1a0d09bbd0f3f5f9a33df8e3bd",
    "https://esm.sh/dom-serializer@2.0.0?target=denonext": "1626b2b8326556ea2816b5f9bf7522bc9581d545fd9ad117c066ab7a5ff1fb89",
    "https://esm.sh/domelementtype@2.3.0/denonext/domelementtype.mjs": "4f3b57348729cd517560139eb1969ca2fe9cc58c5188abe56e7336d5cb557cc0",
    "https://esm.sh/domelementtype@2.3.0?target=denonext": "2beb2a1e3d18892a9b00ef9528811b93f613a77d2b6fb25376ec0f109ac48a4f",
    "https://esm.sh/domhandler@5.0.3/denonext/domhandler.mjs": "3fb258a3d79bc9066a568bb6b09ce946d1fcfa2636a24ae80a4db220956e0873",
    "https://esm.sh/domhandler@5.0.3?target=denonext": "298fde249b7bff9e80667cfe643e7d4b390871b77b0928d086ce4c0b8fc570e2",
    "https://esm.sh/domutils@3.2.2/denonext/domutils.mjs": "f0b4e80e73810ed6f3d8c4e1822feef89208f32c88b6024a84328d02f5f77c40",
    "https://esm.sh/domutils@3.2.2?target=denonext": "7e487176c61dfd1dfdbcfd1195e7329a64f53421511561b69c570a6cff0a6167",
    "https://esm.sh/entities@4.5.0/denonext/entities.mjs": "4a9306e4021ae1079e83b5db26e1678c536fa69c8f2839802bc3cc43282cef08",
    "https://esm.sh/entities@4.5.0/denonext/lib/decode.mjs": "ef22e25f6bca668e40c4f7d4ecaebe2172a833a18372d55b54f997d0d8702dcd",
    "https://esm.sh/entities@4.5.0/denonext/lib/escape.mjs": "116aef78e5ff05efa6f79851b8b59da025ab88f5c25d2262f73df98f4d57c3fa",
    "https://esm.sh/entities@4.5.0/lib/decode?target=denonext": "488bc8401a0c85a76527d61a41352c5371904aeda57a136eb10ccfadcd2f7c8c",
    "https://esm.sh/entities@4.5.0?target=denonext": "f6bc559c07f40e94b3ef50f0b24e2666a2258db3b6697bf4da8fd2fc014ef7a1",
    "https://esm.sh/escape-string-regexp@4.0.0/denonext/escape-string-regexp.mjs": "8b9ba1b04d86262e578b7ed6f847ab744d87f8c6fdc93d0ce4814066346f253c",
    "https://esm.sh/escape-string-regexp@4.0.0?target=denonext": "773f8560c5504d7a3d2ace5dcf985473388172a407673060a1a106d1fe10076e",
    "https://esm.sh/github-slugger@2.0.0/denonext/github-slugger.mjs": "8a2344aa76877552fbf3a155b45155c9fada7c3382260630d501ad21d4e4f706",
    "https://esm.sh/github-slugger@2.0.0?target=denonext": "d28cd7ca6c92db767c7d05e906b7cff215b9b90392306566e33a7763b1bbec33",
    "https://esm.sh/he@1.2.0/denonext/he.mjs": "909418f242c58b64c65b0f18e3107395a3279a80c5521f0fc6551dbbe140ed14",
    "https://esm.sh/he@1.2.0?target=denonext": "bc304782debd103009d8ad8554a39142d747ad2bc3e41dd4925879611f5fd0dd",
    "https://esm.sh/htmlparser2@8.0.2/denonext/htmlparser2.mjs": "c0be0f190e625b82e88378875016f820a38d586e9c885d37e3dd2073a4f0fdfb",
    "https://esm.sh/htmlparser2@8.0.2/denonext/lib/esm/Parser.mjs": "d58fb2f87f8fead8e7ac03c544690908b4db21ab0513415b0cfe9311ab31aaa3",
    "https://esm.sh/htmlparser2@8.0.2/denonext/lib/esm/Tokenizer.mjs": "09109e601c7acd75b99c2a34e53e339a46301d9937e1495eaca8f9019a7b3040",
    "https://esm.sh/htmlparser2@8.0.2?target=denonext": "fd3edaa58a00e79f11b3510cc3930c9f5345486cdcc52c0afe24bbb36aece028",
    "https://esm.sh/jsr/@denosaurs/emoji@0.3.1?target=denonext": "9d9536a444f0164d81eadafd05373c68d928bc6b849edf2c0951abd49d22efa0",
    "https://esm.sh/katex@0.16.21/denonext/katex.mjs": "daa0d2653aebdf1289d3007abbb65a1b230f25cb71a5c9903371275aab104306",
    "https://esm.sh/katex@0.16.21?target=denonext": "9fa04bc7144b202550466cc47f5d77d03fbeba51f9e375c1758e63c3e328256a",
    "https://esm.sh/marked-alert@2.1.2/denonext/marked-alert.mjs": "76fa208a820437f46db82664eb170c76f0e3109f4ff7584e6148d0ddfd66c362",
    "https://esm.sh/marked-alert@2.1.2?target=denonext": "85d66a5d61f44d5b8beefd34ddc25615f2664eed9b7ef4e863432e82e3125df1",
    "https://esm.sh/marked-footnote@1.2.4/denonext/marked-footnote.mjs": "9bb7dedc5a8ee309966d8d0a4bb59d92266a8d1401bdc9eb6868268b539d0d16",
    "https://esm.sh/marked-footnote@1.2.4?target=denonext": "a6035295252ee9b36056b8fe33f2b9414618a1630e5f8fc0920ca68be633bc6a",
    "https://esm.sh/marked-gfm-heading-id@3.2.0/denonext/marked-gfm-heading-id.mjs": "57a88b13f9ecef7db11f72426f6db6d73b758aabfd67d03c6e91ce342e866304",
    "https://esm.sh/marked-gfm-heading-id@3.2.0?target=denonext": "866b70ef02106a92f84bc64c59a5a1b273e2627dd3fdff3582e0c704ed512428",
    "https://esm.sh/marked@12.0.2/denonext/marked.mjs": "7d1c6d592f4403894f962ff5c22a94345179d5746b0bd309de13536b43fca1de",
    "https://esm.sh/marked@12.0.2?target=denonext": "8dea80a91c5e1722780d4056614fb6f7f8fb57da746e876ee0abac4f79761457",
    "https://esm.sh/nanoid@3.3.8/denonext/non-secure.mjs": "fddf4ab6510fe8b600cfa3fa6a38b05e275757135a156142d470fc7e544a600f",
    "https://esm.sh/nanoid@3.3.8/non-secure?target=denonext": "2c3c59d8330ed3c0444aebb4611325a49feec485e1e2c34af6971ead1d10e7d9",
    "https://esm.sh/parse-srcset@1.0.2/denonext/parse-srcset.mjs": "eaed6b50e95f4be186d52d09bdf27fc7f2cbdd18c300558b11e189db53e32c44",
    "https://esm.sh/parse-srcset@1.0.2?target=denonext": "5a5bb01aad672c419745d58be9f946481eb0458365a612725eb33761068036af",
    "https://esm.sh/picocolors@1.1.1/denonext/picocolors.mjs": "fa0033734392d8b8ad0c565338a77fa835e8b00e9ef244bf6f36570dd699ea3f",
    "https://esm.sh/picocolors@1.1.1?target=denonext": "97aaf037b1af74a20fe9f9f2beabba700924823101e86bdcd3ae2c9327376f74",
    "https://esm.sh/postcss@8.5.1/denonext/lib/at-rule.mjs": "19ba20f24357e482d62d0279062ba9ec06e4f025ab5fd81e329155d691c6e032",
    "https://esm.sh/postcss@8.5.1/denonext/lib/comment.mjs": "38b12989cac10c0e7382499b8a86b05162f6b9f2c1539a2a2ad529c852c5db90",
    "https://esm.sh/postcss@8.5.1/denonext/lib/container.mjs": "97e60be226e040e09bb4ca84aa062d06e75ac41b445fad37716596b16ecaba2d",
    "https://esm.sh/postcss@8.5.1/denonext/lib/css-syntax-error.mjs": "3dcd0105ba5257a0f6699f16157131736208a21d33c57ba84cfaf2994aab6e9e",
    "https://esm.sh/postcss@8.5.1/denonext/lib/declaration.mjs": "b3edc67e5b8872bc09efb20acc50f18298d3eef50761221d600f75992ba4515f",
    "https://esm.sh/postcss@8.5.1/denonext/lib/document.mjs": "7b990eecf6f93ce72d449aaad32ff0b7c3ab8ae50d6e531be0c3f12bb38b6613",
    "https://esm.sh/postcss@8.5.1/denonext/lib/fromJSON.mjs": "f10a41062632f5e66bee502b9428216f53e7fb4546079d24e489531fea52db93",
    "https://esm.sh/postcss@8.5.1/denonext/lib/input.mjs": "9b172cc2311297e09f6c8068a6a75060425ba0f8126216901d4c1ef895ac6052",
    "https://esm.sh/postcss@8.5.1/denonext/lib/lazy-result.mjs": "c7f22d5dfa8acc26aae56e5aa421629406b0d0d4c60f1186c0c57d63b364b5c7",
    "https://esm.sh/postcss@8.5.1/denonext/lib/list.mjs": "82a9b83f126b396d91cb6d935e4ff6d23e5b8b8da60da2cb73b8605a45202b3b",
    "https://esm.sh/postcss@8.5.1/denonext/lib/map-generator.mjs": "b48f73b34b8ccae25917b555d860a551b64311cc56fd059f2ab033a0ac0006db",
    "https://esm.sh/postcss@8.5.1/denonext/lib/no-work-result.mjs": "c65ea37fcf52c0f1ee7bf4de75479bad000b6de8cb4095b625c4a10a1ffb9f52",
    "https://esm.sh/postcss@8.5.1/denonext/lib/node.mjs": "7cd8f243ede3753091d5169ab8088d0a3370fcaab8f15ac895416498f1c66695",
    "https://esm.sh/postcss@8.5.1/denonext/lib/parse.mjs": "278afe48d435849439e48596d9df0a58c9852058a082c48371a70051e83f07c9",
    "https://esm.sh/postcss@8.5.1/denonext/lib/parser.mjs": "bf685e6cd9aa570f6cadf2de939cc69afe8e94f39de0b3a4b25feb76c96644e2",
    "https://esm.sh/postcss@8.5.1/denonext/lib/previous-map.mjs": "f7852b0574afe9bdb6e6518b33bd537fc74bd002c0ec64a9366cbf96c64dc8b4",
    "https://esm.sh/postcss@8.5.1/denonext/lib/processor.mjs": "5474b063f5d575f2038a56b97442e797064002c5ef1123d5a0b714e9718e622d",
    "https://esm.sh/postcss@8.5.1/denonext/lib/result.mjs": "edee7e43a01097007f1c796f5f44e986584bfb062d7570dea3a06fe0200577cd",
    "https://esm.sh/postcss@8.5.1/denonext/lib/root.mjs": "4a8d5e1bfc387c4a9e7c807636674375c1cdf5d2626567352ef33abf3fd48194",
    "https://esm.sh/postcss@8.5.1/denonext/lib/rule.mjs": "8b24ebd131af6bac3c9ff3fad634ed51add45412ca837fae97acaab685316457",
    "https://esm.sh/postcss@8.5.1/denonext/lib/stringifier.mjs": "43f231b376bb8d0fc03fbae4c3d2d624394ddcd8d348ebdadd32ff0b42edf9cc",
    "https://esm.sh/postcss@8.5.1/denonext/lib/stringify.mjs": "42b910ad8cdea468584a653a2101b88cbc93762f764c32880ea1ae185d012626",
    "https://esm.sh/postcss@8.5.1/denonext/lib/symbols.mjs": "192e7e34207d9c3c52506d624aad035c97438d651559360665d4e4c268c7b898",
    "https://esm.sh/postcss@8.5.1/denonext/lib/terminal-highlight.mjs": "dbf59147b6129d14abcb8fa98949da0749d7ef83c7ac64c6fa273fd3a31823a0",
    "https://esm.sh/postcss@8.5.1/denonext/lib/tokenize.mjs": "e1e5706cc284b566998abea9bf4495ef6319f9c19e423d831e9d55f17436ae47",
    "https://esm.sh/postcss@8.5.1/denonext/lib/warn-once.mjs": "5064912f57d7cafd68c6f6ed9e6f7af9348359aae5c6dce4852de6e7e28c08cb",
    "https://esm.sh/postcss@8.5.1/denonext/lib/warning.mjs": "ccd00e6f21c2b1ac713c19e8f24a0fe8ecce21fb355025e3a7d5a2c98efe4613",
    "https://esm.sh/postcss@8.5.1/denonext/postcss.mjs": "d25def962994060d9337d9483202d26c10635df2885cd72c4fc7ed5141590d7f",
    "https://esm.sh/postcss@8.5.1?target=denonext": "4e13d6c4e82f5dcf690dd7f7776af814747d62feeac4f20ab6e73a9426371453",
    "https://esm.sh/prismjs@1.29.0/components/prism-bash?no-check": "3b9e13a7c4d6c4f003ed7cc5035c567aef39720dc31c2ae147d05764ecbd399d",
    "https://esm.sh/prismjs@1.29.0/components/prism-c?no-check": "d35163060a777c83e472115be512d2694776d37c864e7ade9202e756187d3b7b",
    "https://esm.sh/prismjs@1.29.0/components/prism-cpp?no-check": "8d4a256e96c31e2f2a69bf9be63d3f78606c6dbec59828a678e0c695cccc864d",
    "https://esm.sh/prismjs@1.29.0/components/prism-csharp?no-check": "53929bb0be84b0354d59aa2392feabd4e4321c8ab88199b0562da12205c619c0",
    "https://esm.sh/prismjs@1.29.0/components/prism-css?no-check": "7d2395e73c366bf5d364a4d9b5097b84518e6698969532485c8ad14862944471",
    "https://esm.sh/prismjs@1.29.0/components/prism-dart?no-check": "37ec8d34eedf3e3f2b5cce5a4ca523b7935536902354b0d257e2e134f0b624f7",
    "https://esm.sh/prismjs@1.29.0/components/prism-diff?no-check": "c956fde10da291ec1c269dc97a47d34802273a3cd5c56312ff30da0f479f9ca9",
    "https://esm.sh/prismjs@1.29.0/components/prism-docker?no-check": "80ddd79d26fe399a754f70dbb7b1949d637f3d4947a3894ae0dff2df5d9dbc1e",
    "https://esm.sh/prismjs@1.29.0/components/prism-git?no-check": "fbdd4e10aaaf3b564d5fdb872e3f539892ac8b021cdd6dd331ec1183076bd58a",
    "https://esm.sh/prismjs@1.29.0/components/prism-go?no-check": "5f7a66f263416df120b0041a8c25cdf0a2ea48c250793badd53f8af66054f21e",
    "https://esm.sh/prismjs@1.29.0/components/prism-http?no-check": "797a8cbd282e355b51de5c35a6641dade69216fad819d386352eef83185c9fbe",
    "https://esm.sh/prismjs@1.29.0/components/prism-ignore?no-check": "5b6edbe7fc287e7495d313d80ee3346499902729ddf71fb268e3ccb27ead2bba",
    "https://esm.sh/prismjs@1.29.0/components/prism-ini?no-check": "24bdfba12845080b269d022120e0ccd44eabb68bcca757df0d5b1fd4b27d96db",
    "https://esm.sh/prismjs@1.29.0/components/prism-java?no-check": "e834ac2331144f38e933e4e5498fe0288986857c0e6991466799e737cb1567d8",
    "https://esm.sh/prismjs@1.29.0/components/prism-javascript?no-check": "7023e136954b90726641d1eb0baab3f901df24ee2754db9519d455fe4d7d8959",
    "https://esm.sh/prismjs@1.29.0/components/prism-json?no-check": "93d8a48ff5714926403fbfd3a1380a39deac4792fb19560b737c1f823e4eec97",
    "https://esm.sh/prismjs@1.29.0/components/prism-jsx?no-check": "4b63c1600f1e5e8bcd3b914e7f40f38919e802f2590521e3387e16750a42ac39",
    "https://esm.sh/prismjs@1.29.0/components/prism-kotlin?no-check": "df5cc16817787b011ef6cbc2362c956daf012367aca54cebb346a9398bd81b82",
    "https://esm.sh/prismjs@1.29.0/components/prism-less?no-check": "d9aefcc391cb0d6f6b2eaea2338e64a871a76ad5c737d2fbb15a59b7cb2870d4",
    "https://esm.sh/prismjs@1.29.0/components/prism-nginx?no-check": "3bb1bd2136fd9c8a2a4b19d91c0518117f2a4cd2245f345e0c4044ae42c06cc9",
    "https://esm.sh/prismjs@1.29.0/components/prism-python?no-check": "92ec8e9563798481f4d376b47d0faf18c33ae7d4c779ea7abc150ccab585490f",
    "https://esm.sh/prismjs@1.29.0/components/prism-rust?no-check": "a6814240355908451418cf6c9a6a1a35dd471ec67424b907516ad78ccd1bb567",
    "https://esm.sh/prismjs@1.29.0/components/prism-sass?no-check": "9c06b8d8acd10e083141855a73eea41ba01e93d9aea25a14426c33aa1c96a3b7",
    "https://esm.sh/prismjs@1.29.0/components/prism-scss?no-check": "5f9e93c2af2a325151ffe5efc3aab3829efdcddede453b102dd734fce27f60b4",
    "https://esm.sh/prismjs@1.29.0/components/prism-sql?no-check": "6ebeae87f37662d5197dd3a173da61991a8c0cf692a39c3e0d2a225304a836e1",
    "https://esm.sh/prismjs@1.29.0/components/prism-toml?no-check": "e71c36b426f4d54aedb4237fab8d8b6116b4a8571bfcb34366af8507315014f7",
    "https://esm.sh/prismjs@1.29.0/components/prism-tsx?no-check": "9fc047f0773d77546a98e04ce5fcb4995292f7c264af8c131d8850c614457871",
    "https://esm.sh/prismjs@1.29.0/components/prism-typescript?no-check": "999460db7802459f03c85134349b772f061e1be9f401a81b708b65c6061b6d9a",
    "https://esm.sh/prismjs@1.29.0/components/prism-yaml?no-check": "9f6550a4159958d5e65f9ad58de4827cb6b47fd83a33ea309b65ce406aba4a0e",
    "https://esm.sh/prismjs@1.29.0/components/prism-yaml?target=denonext": "9f6550a4159958d5e65f9ad58de4827cb6b47fd83a33ea309b65ce406aba4a0e",
    "https://esm.sh/prismjs@1.29.0/components/prism-zig?no-check": "1c07e9b44a04037ec27e65c31b076a25a6747f7d722e8fb9d189306b9db73646",
    "https://esm.sh/prismjs@1.29.0/denonext/components/prism-bash.mjs": "53de140b7f10e7b06387d3e8734487311c839ace770b0a25a1d3d68ee420738b",
    "https://esm.sh/prismjs@1.29.0/denonext/components/prism-c.mjs": "cd4bae2fb9ff9a3ac410d75e2c671755fe95c9e9366c69405e72e61f382d5206",
    "https://esm.sh/prismjs@1.29.0/denonext/components/prism-cpp.mjs": "56f7f6fcb8d3892db06c8e827d7f7d88f70963ee425cd9a8877d44a104ad27d3",
    "https://esm.sh/prismjs@1.29.0/denonext/components/prism-csharp.mjs": "6ff48d8d50d66d9b8d2801992a4efe8c85c861e100788ad253425686e40c98a8",
    "https://esm.sh/prismjs@1.29.0/denonext/components/prism-css.mjs": "ec2c5f1ccf25533b409f86330c50fc0f94c6ad2b9a30999c3fb50eef64cc0595",
    "https://esm.sh/prismjs@1.29.0/denonext/components/prism-dart.mjs": "89734bc1063d8f034f67d40c8a05e1a49c2c5601d8d7b19dfbdd11a4765f173a",
    "https://esm.sh/prismjs@1.29.0/denonext/components/prism-diff.mjs": "20027580bc5c098a66593b6b4cebed688db6c92e351c81c343ac8e37afa74134",
    "https://esm.sh/prismjs@1.29.0/denonext/components/prism-docker.mjs": "2c86b652be34e39884fe8f0325b30e56b123b58e32683cc15c8d37868a4e3ada",
    "https://esm.sh/prismjs@1.29.0/denonext/components/prism-git.mjs": "412c221c4aed8ddaaf43a0cf0c8d8f3055c7a881fea5dece618c6ec3492654ae",
    "https://esm.sh/prismjs@1.29.0/denonext/components/prism-go.mjs": "4c52261af3757c0b10283c47addfc140cd7d1d2a83f4831a0de405e1c0d688ea",
    "https://esm.sh/prismjs@1.29.0/denonext/components/prism-http.mjs": "412cdbc036130ea10d88eecf50ff544f96c23643f168169018a0dcb470211e23",
    "https://esm.sh/prismjs@1.29.0/denonext/components/prism-ignore.mjs": "8aa778fe4b99791996e02affb66276ffe6452341d7bdbaf572956c4bbb07417d",
    "https://esm.sh/prismjs@1.29.0/denonext/components/prism-ini.mjs": "90762fc62ce160d22cd58d9572df8646db1d6d7958516bfe3da808ccbab2ba77",
    "https://esm.sh/prismjs@1.29.0/denonext/components/prism-java.mjs": "0552dad2435a298d5e63be8c3b6f60f181ad1c2ae1ded0b41f8a609c8e64946d",
    "https://esm.sh/prismjs@1.29.0/denonext/components/prism-javascript.mjs": "1d9fafe38901bf31da89aff10bbdac2fc47246b6ac23a530bf93bfc8a8d3c1ec",
    "https://esm.sh/prismjs@1.29.0/denonext/components/prism-json.mjs": "ccaf982834cefce181bb76b26b0ecd8f4d97aec8cae52dd4bdbef7b6b6ec3909",
    "https://esm.sh/prismjs@1.29.0/denonext/components/prism-jsx.mjs": "412618cf980e68491582c939316fb7ba06a845f74604ff2c236e6dc180c7d7c1",
    "https://esm.sh/prismjs@1.29.0/denonext/components/prism-kotlin.mjs": "b12d18cd74d4b8993b2cba3f3e2d37f9fe565f0f28f0994eafa7687770d1071c",
    "https://esm.sh/prismjs@1.29.0/denonext/components/prism-less.mjs": "f5887a8206b8a12292fd001f9cc8e6b8bd738990dce728e20529ff233cc13cdc",
    "https://esm.sh/prismjs@1.29.0/denonext/components/prism-nginx.mjs": "a7ad40bc08dcf3428252b297432ac5a420faa5b7f6ea971ef3ff6bb520bd838c",
    "https://esm.sh/prismjs@1.29.0/denonext/components/prism-python.mjs": "bdbb464cdb2ce1992265d3383dbce068bbb70c4743b20e5c1548a35a58dc594a",
    "https://esm.sh/prismjs@1.29.0/denonext/components/prism-rust.mjs": "4fc971a3457c5a5169847046afb2e9055a22b0ceaf834a05e677cbf91d636cf4",
    "https://esm.sh/prismjs@1.29.0/denonext/components/prism-sass.mjs": "a02fd395cfe776ef20265185b11653ccbd502980fa6b9bac1c2d4769bdb19eda",
    "https://esm.sh/prismjs@1.29.0/denonext/components/prism-scss.mjs": "88e93736e0908b44f5f20c85fa8c435600a6fa73d3efbba5e65810bcf9ba8d77",
    "https://esm.sh/prismjs@1.29.0/denonext/components/prism-sql.mjs": "1428fe6f280d51f7a4935013c539f468b0cc22b4aa55cba91278594b7710b72c",
    "https://esm.sh/prismjs@1.29.0/denonext/components/prism-toml.mjs": "e4b6342413db7c6228ad9ce2364deac8aa27e3c1426926ecdce86aad3f5714e9",
    "https://esm.sh/prismjs@1.29.0/denonext/components/prism-tsx.mjs": "fce7b530b76111be7eaf148e2654c72d576110f07ea6e5c7902f94ac5596c31e",
    "https://esm.sh/prismjs@1.29.0/denonext/components/prism-typescript.mjs": "4839c2bcfd9e25093422c14abea00b623fb45c4280c4d00411252a3ab7a033fa",
    "https://esm.sh/prismjs@1.29.0/denonext/components/prism-yaml.mjs": "88df1d5243eb247d63737e54b4b57614f25666889788de26a57223ab22716ce6",
    "https://esm.sh/prismjs@1.29.0/denonext/components/prism-zig.mjs": "ebae897c0f18dfec14bbad5b8205b9d827e8704af517328c9b159ff81268d577",
    "https://esm.sh/prismjs@1.29.0/denonext/prismjs.mjs": "22ae3128203d6ca4793dae7e1728b8d7db21b54e373e9538cae7a61cce159630",
    "https://esm.sh/prismjs@1.29.0?target=denonext": "263ab9a7771b54d8a344ddfc031e31cb5aa0572c25773ea7d0a68cca6f91d060",
    "https://esm.sh/sanitize-html@2.14.0/denonext/sanitize-html.mjs": "b4ccc2ed265b7c80fdbe96e16b0c7b148ad6aa3f7fd17537fc00dcd51139665c",
    "https://esm.sh/sanitize-html@2.14.0?target=denonext": "38130d3b3a2a41bda587c5ff591c7dba3df005154f67dc5373bef7739107be58",
    "https://esm.sh/source-map-js@1.2.1/denonext/source-map-js.mjs": "2129223e17c258b391a47907a69c0b86d1c87cbb66eea7e9b25ff555ec0bbc7c",
    "https://esm.sh/source-map-js@1.2.1?target=denonext": "33ba5cf2ee7c1fe6b63b36c31e9075e290bc5c574055acbdc48c2f24a21d2f83"
  }
}
